
Microsoft Visual Studio Solution File, Format Version 12.00
# Visual Studio 2013
VisualStudioVersion = 12.0.40629.0
MinimumVisualStudioVersion = 10.0.40219.1
Project("{8BC9CEB8-8B4A-11D0-8D11-00A0C91BC942}") = "fys_agent", "fys_agent.vcxproj", "{79DF837D-340F-43BA-BE6F-56CE3798972C}"
EndProject
Project("{8BC9CEB8-8B4A-11D0-8D11-00A0C91BC942}") = "fys_server", "fys_server.vcxproj", "{9AE76940-41FC-4947-B34D-1E90ED57D47F}"
EndProject
Global
	GlobalSection(SolutionConfigurationPlatforms) = preSolution
		Debug|Win32 = Debug|Win32
		Debug|x64 = Debug|x64
		Release|Win32 = Release|Win32
		Release|x64 = Release|x64
	EndGlobalSection
	GlobalSection(ProjectConfigurationPlatforms) = postSolution
		{79DF837D-340F-43BA-BE6F-56CE3798972C}.Debug|Win32.ActiveCfg = Debug|Win32
		{79DF837D-340F-43BA-BE6F-56CE3798972C}.Debug|Win32.Build.0 = Debug|Win32
		{79DF837D-340F-43BA-BE6F-56CE3798972C}.Debug|x64.ActiveCfg = Debug|x64
		{79DF837D-340F-43BA-BE6F-56CE3798972C}.Debug|x64.Build.0 = Debug|x64
		{79DF837D-340F-43BA-BE6F-56CE3798972C}.Release|Win32.ActiveCfg = Release|Win32
		{79DF837D-340F-43BA-BE6F-56CE3798972C}.Release|Win32.Build.0 = Release|Win32
		{79DF837D-340F-43BA-BE6F-56CE3798972C}.Release|x64.ActiveCfg = Release|x64
		{79DF837D-340F-43BA-BE6F-56CE3798972C}.Release|x64.Build.0 = Release|x64
		{9AE76940-41FC-4947-B34D-1E90ED57D47F}.Debug|Win32.ActiveCfg = Debug|Win32
		{9AE76940-41FC-4947-B34D-1E90ED57D47F}.Debug|Win32.Build.0 = Debug|Win32
		{9AE76940-41FC-4947-B34D-1E90ED57D47F}.Debug|x64.ActiveCfg = Debug|x64
		{9AE76940-41FC-4947-B34D-1E90ED57D47F}.Debug|x64.Build.0 = Debug|x64
		{9AE76940-41FC-4947-B34D-1E90ED57D47F}.Release|Win32.ActiveCfg = Release|Win32
		{9AE76940-41FC-4947-B34D-1E90ED57D47F}.Release|Win32.Build.0 = Release|Win32
		{9AE76940-41FC-4947-B34D-1E90ED57D47F}.Release|x64.ActiveCfg = Release|x64
		{9AE76940-41FC-4947-B34D-1E90ED57D47F}.Release|x64.Build.0 = Release|x64
	EndGlobalSection
	GlobalSection(SolutionProperties) = preSolution
		HideSolutionNode = FALSE
	EndGlobalSection
EndGlobal
